
Microsoft Visual Studio Solution File, Format Version 9.00
# Visual Studio 2005
Project("{8BC9CEB8-8B4A-11D0-8D11-00A0C91BC942}") = "jxtadll", "..\win32\jxta\jxtadll\jxtadll_vs2005.vcproj", "{DFE7A685-C3AD-46F3-9BAC-04910A4E06F4}"
	ProjectSection(ProjectDependencies) = postProject
		{A2A34708-46E1-46F6-B2F9-1AC1B891D501} = {A2A34708-46E1-46F6-B2F9-1AC1B891D501}
	EndProjectSection
EndProject
Project("{8BC9CEB8-8B4A-11D0-8D11-00A0C91BC942}") = "jprdll", "..\win32\jxta\jprdll\jprdll_vs2005.vcproj", "{A2A34708-46E1-46F6-B2F9-1AC1B891D501}"
EndProject
Project("{FAE04EC0-301F-11D3-BF4B-00C04F79EFBC}") = "JxtaNET", "src\JxtaNET.csproj", "{08BB9D1F-2346-49E3-934A-BDC4122DAB47}"
	ProjectSection(ProjectDependencies) = postProject
		{DFE7A685-C3AD-46F3-9BAC-04910A4E06F4} = {DFE7A685-C3AD-46F3-9BAC-04910A4E06F4}
	EndProjectSection
EndProject
Project("{FAE04EC0-301F-11D3-BF4B-00C04F79EFBC}") = "JxtaNETShell", "shell\JxtaNETShell.csproj", "{294EBD86-CC55-4DFC-83FB-E0495945330D}"
EndProject
Global
	GlobalSection(SolutionConfigurationPlatforms) = preSolution
		Debug|Any CPU = Debug|Any CPU
		Debug|Mixed Platforms = Debug|Mixed Platforms
		Debug|Win32 = Debug|Win32
		Release|Any CPU = Release|Any CPU
		Release|Mixed Platforms = Release|Mixed Platforms
		Release|Win32 = Release|Win32
	EndGlobalSection
	GlobalSection(ProjectConfigurationPlatforms) = postSolution
		{DFE7A685-C3AD-46F3-9BAC-04910A4E06F4}.Debug|Any CPU.ActiveCfg = Debug|Win32
		{DFE7A685-C3AD-46F3-9BAC-04910A4E06F4}.Debug|Mixed Platforms.ActiveCfg = Debug|Win32
		{DFE7A685-C3AD-46F3-9BAC-04910A4E06F4}.Debug|Mixed Platforms.Build.0 = Debug|Win32
		{DFE7A685-C3AD-46F3-9BAC-04910A4E06F4}.Debug|Win32.ActiveCfg = Debug|Win32
		{DFE7A685-C3AD-46F3-9BAC-04910A4E06F4}.Debug|Win32.Build.0 = Debug|Win32
		{DFE7A685-C3AD-46F3-9BAC-04910A4E06F4}.Release|Any CPU.ActiveCfg = Release|Win32
		{DFE7A685-C3AD-46F3-9BAC-04910A4E06F4}.Release|Mixed Platforms.ActiveCfg = Release|Win32
		{DFE7A685-C3AD-46F3-9BAC-04910A4E06F4}.Release|Mixed Platforms.Build.0 = Release|Win32
		{DFE7A685-C3AD-46F3-9BAC-04910A4E06F4}.Release|Win32.ActiveCfg = Release|Win32
		{DFE7A685-C3AD-46F3-9BAC-04910A4E06F4}.Release|Win32.Build.0 = Release|Win32
		{A2A34708-46E1-46F6-B2F9-1AC1B891D501}.Debug|Any CPU.ActiveCfg = Debug|Win32
		{A2A34708-46E1-46F6-B2F9-1AC1B891D501}.Debug|Mixed Platforms.ActiveCfg = Debug|Win32
		{A2A34708-46E1-46F6-B2F9-1AC1B891D501}.Debug|Mixed Platforms.Build.0 = Debug|Win32
		{A2A34708-46E1-46F6-B2F9-1AC1B891D501}.Debug|Win32.ActiveCfg = Debug|Win32
		{A2A34708-46E1-46F6-B2F9-1AC1B891D501}.Debug|Win32.Build.0 = Debug|Win32
		{A2A34708-46E1-46F6-B2F9-1AC1B891D501}.Release|Any CPU.ActiveCfg = Release|Win32
		{A2A34708-46E1-46F6-B2F9-1AC1B891D501}.Release|Mixed Platforms.ActiveCfg = Release|Win32
		{A2A34708-46E1-46F6-B2F9-1AC1B891D501}.Release|Mixed Platforms.Build.0 = Release|Win32
		{A2A34708-46E1-46F6-B2F9-1AC1B891D501}.Release|Win32.ActiveCfg = Release|Win32
		{A2A34708-46E1-46F6-B2F9-1AC1B891D501}.Release|Win32.Build.0 = Release|Win32
		{08BB9D1F-2346-49E3-934A-BDC4122DAB47}.Debug|Any CPU.ActiveCfg = Debug|Any CPU
		{08BB9D1F-2346-49E3-934A-BDC4122DAB47}.Debug|Any CPU.Build.0 = Debug|Any CPU
		{08BB9D1F-2346-49E3-934A-BDC4122DAB47}.Debug|Mixed Platforms.ActiveCfg = Debug|Any CPU
		{08BB9D1F-2346-49E3-934A-BDC4122DAB47}.Debug|Mixed Platforms.Build.0 = Debug|Any CPU
		{08BB9D1F-2346-49E3-934A-BDC4122DAB47}.Debug|Win32.ActiveCfg = Debug|Any CPU
		{08BB9D1F-2346-49E3-934A-BDC4122DAB47}.Release|Any CPU.ActiveCfg = Release|Any CPU
		{08BB9D1F-2346-49E3-934A-BDC4122DAB47}.Release|Any CPU.Build.0 = Release|Any CPU
		{08BB9D1F-2346-49E3-934A-BDC4122DAB47}.Release|Mixed Platforms.ActiveCfg = Release|Any CPU
		{08BB9D1F-2346-49E3-934A-BDC4122DAB47}.Release|Mixed Platforms.Build.0 = Release|Any CPU
		{08BB9D1F-2346-49E3-934A-BDC4122DAB47}.Release|Win32.ActiveCfg = Release|Any CPU
		{294EBD86-CC55-4DFC-83FB-E0495945330D}.Debug|Any CPU.ActiveCfg = Debug|Any CPU
		{294EBD86-CC55-4DFC-83FB-E0495945330D}.Debug|Any CPU.Build.0 = Debug|Any CPU
		{294EBD86-CC55-4DFC-83FB-E0495945330D}.Debug|Mixed Platforms.ActiveCfg = Debug|Any CPU
		{294EBD86-CC55-4DFC-83FB-E0495945330D}.Debug|Mixed Platforms.Build.0 = Debug|Any CPU
		{294EBD86-CC55-4DFC-83FB-E0495945330D}.Debug|Win32.ActiveCfg = Debug|Any CPU
		{294EBD86-CC55-4DFC-83FB-E0495945330D}.Release|Any CPU.ActiveCfg = Release|Any CPU
		{294EBD86-CC55-4DFC-83FB-E0495945330D}.Release|Any CPU.Build.0 = Release|Any CPU
		{294EBD86-CC55-4DFC-83FB-E0495945330D}.Release|Mixed Platforms.ActiveCfg = Release|Any CPU
		{294EBD86-CC55-4DFC-83FB-E0495945330D}.Release|Mixed Platforms.Build.0 = Release|Any CPU
		{294EBD86-CC55-4DFC-83FB-E0495945330D}.Release|Win32.ActiveCfg = Release|Any CPU
	EndGlobalSection
	GlobalSection(SolutionProperties) = preSolution
		HideSolutionNode = FALSE
	EndGlobalSection
EndGlobal
